
Microsoft Visual Studio Solution File, Format Version 12.00
# Visual Studio Version 17
VisualStudioVersion = 17.5.002.0
MinimumVisualStudioVersion = 10.0.40219.1
Project("{9A19103F-16F7-4668-BE54-9A1E7A4F7556}") = "ApiEmpresa", "ApiEmpresa.csproj", "{8A926C68-415F-45E6-BED2-14B6468ADFBD}"
EndProject
Global
	GlobalSection(SolutionConfigurationPlatforms) = preSolution
		Debug|Any CPU = Debug|Any CPU
		Release|Any CPU = Release|Any CPU
	EndGlobalSection
	GlobalSection(ProjectConfigurationPlatforms) = postSolution
		{8A926C68-415F-45E6-BED2-14B6468ADFBD}.Debug|Any CPU.ActiveCfg = Debug|Any CPU
		{8A926C68-415F-45E6-BED2-14B6468ADFBD}.Debug|Any CPU.Build.0 = Debug|Any CPU
		{8A926C68-415F-45E6-BED2-14B6468ADFBD}.Release|Any CPU.ActiveCfg = Release|Any CPU
		{8A926C68-415F-45E6-BED2-14B6468ADFBD}.Release|Any CPU.Build.0 = Release|Any CPU
	EndGlobalSection
	GlobalSection(SolutionProperties) = preSolution
		HideSolutionNode = FALSE
	EndGlobalSection
	GlobalSection(ExtensibilityGlobals) = postSolution
		SolutionGuid = {C2ABC8E8-93F1-4F7F-9D76-622C6A17700C}
	EndGlobalSection
EndGlobal
